// !$*UTF8*$!
{
	archiveVersion = 1;
	classes = {
	};
	objectVersion = 46;
	objects = {

/* Begin PBXBuildFile section */
		8B62804B1AF21990001F79E2 /* KSAppDelegate.m in Sources */ = {isa = PBXBuildFile; fileRef = 8B6280431AF21990001F79E2 /* KSAppDelegate.m */; };
		8B62804C1AF21990001F79E2 /* KSViewController.m in Sources */ = {isa = PBXBuildFile; fileRef = 8B6280451AF21990001F79E2 /* KSViewController.m */; };
		8B62804D1AF21990001F79E2 /* KSTalkDetailViewController.m in Sources */ = {isa = PBXBuildFile; fileRef = 8B6280471AF21990001F79E2 /* KSTalkDetailViewController.m */; };
		8B62804E1AF21990001F79E2 /* Main.storyboard in Resources */ = {isa = PBXBuildFile; fileRef = 8B6280481AF21990001F79E2 /* Main.storyboard */; };
		8B62804F1AF21990001F79E2 /* Images.xcassets in Resources */ = {isa = PBXBuildFile; fileRef = 8B6280491AF21990001F79E2 /* Images.xcassets */; };
		8B6280501AF21990001F79E2 /* LaunchScreen.xib in Resources */ = {isa = PBXBuildFile; fileRef = 8B62804A1AF21990001F79E2 /* LaunchScreen.xib */; };
		8B6280531AF219A2001F79E2 /* Info.plist in Resources */ = {isa = PBXBuildFile; fileRef = 8B6280511AF219A2001F79E2 /* Info.plist */; };
		8B6280541AF219A2001F79E2 /* main.m in Sources */ = {isa = PBXBuildFile; fileRef = 8B6280521AF219A2001F79E2 /* main.m */; };
		8B6280561AF219BD001F79E2 /* TEDTests.m in Sources */ = {isa = PBXBuildFile; fileRef = 8B6280551AF219BD001F79E2 /* TEDTests.m */; };
		8B6280581AF219CB001F79E2 /* Info.plist in Resources */ = {isa = PBXBuildFile; fileRef = 8B6280571AF219CB001F79E2 /* Info.plist */; };
/* End PBXBuildFile section */

/* Begin PBXContainerItemProxy section */
		8B6280331AF2197A001F79E2 /* PBXContainerItemProxy */ = {
			isa = PBXContainerItemProxy;
			containerPortal = 8B6280111AF2197A001F79E2 /* Project object */;
			proxyType = 1;
			remoteGlobalIDString = 8B6280181AF2197A001F79E2;
			remoteInfo = TED.rss;
		};
/* End PBXContainerItemProxy section */

/* Begin PBXFileReference section */
		8B6280421AF21990001F79E2 /* KSAppDelegate.h */ = {isa = PBXFileReference; fileEncoding = 4; lastKnownFileType = sourcecode.c.h; path = KSAppDelegate.h; sourceTree = "<group>"; };
		8B6280431AF21990001F79E2 /* KSAppDelegate.m */ = {isa = PBXFileReference; fileEncoding = 4; lastKnownFileType = sourcecode.c.objc; path = KSAppDelegate.m; sourceTree = "<group>"; };
		8B6280441AF21990001F79E2 /* KSViewController.h */ = {isa = PBXFileReference; fileEncoding = 4; lastKnownFileType = sourcecode.c.h; path = KSViewController.h; sourceTree = "<group>"; };
		8B6280451AF21990001F79E2 /* KSViewController.m */ = {isa = PBXFileReference; fileEncoding = 4; lastKnownFileType = sourcecode.c.objc; path = KSViewController.m; sourceTree = "<group>"; };
		8B6280461AF21990001F79E2 /* KSTalkDetailViewController.h */ = {isa = PBXFileReference; fileEncoding = 4; lastKnownFileType = sourcecode.c.h; path = KSTalkDetailViewController.h; sourceTree = "<group>"; };
		8B6280471AF21990001F79E2 /* KSTalkDetailViewController.m */ = {isa = PBXFileReference; fileEncoding = 4; lastKnownFileType = sourcecode.c.objc; path = KSTalkDetailViewController.m; sourceTree = "<group>"; };
		8B6280481AF21990001F79E2 /* Main.storyboard */ = {isa = PBXFileReference; fileEncoding = 4; lastKnownFileType = file.storyboard; path = Main.storyboard; sourceTree = "<group>"; };
		8B6280491AF21990001F79E2 /* Images.xcassets */ = {isa = PBXFileReference; lastKnownFileType = folder.assetcatalog; path = Images.xcassets; sourceTree = "<group>"; };
		8B62804A1AF21990001F79E2 /* LaunchScreen.xib */ = {isa = PBXFileReference; fileEncoding = 4; lastKnownFileType = file.xib; path = LaunchScreen.xib; sourceTree = "<group>"; };
		8B6280511AF219A2001F79E2 /* Info.plist */ = {isa = PBXFileReference; fileEncoding = 4; lastKnownFileType = text.plist.xml; path = Info.plist; sourceTree = "<group>"; };
		8B6280521AF219A2001F79E2 /* main.m */ = {isa = PBXFileReference; fileEncoding = 4; lastKnownFileType = sourcecode.c.objc; path = main.m; sourceTree = "<group>"; };
		8B6280551AF219BD001F79E2 /* TEDTests.m */ = {isa = PBXFileReference; fileEncoding = 4; lastKnownFileType = sourcecode.c.objc; path = TEDTests.m; sourceTree = "<group>"; };
		8B6280571AF219CB001F79E2 /* Info.plist */ = {isa = PBXFileReference; fileEncoding = 4; lastKnownFileType = text.plist.xml; path = Info.plist; sourceTree = "<group>"; };
		8B62805A1AF21C5E001F79E2 /* TED.rss.app */ = {isa = PBXFileReference; explicitFileType = wrapper.application; includeInIndex = 0; path = TED.rss.app; sourceTree = BUILT_PRODUCTS_DIR; };
		8B62805B1AF21C5E001F79E2 /* TED.rssTests.xctest */ = {isa = PBXFileReference; explicitFileType = wrapper.cfbundle; includeInIndex = 0; path = TED.rssTests.xctest; sourceTree = BUILT_PRODUCTS_DIR; };
/* End PBXFileReference section */

/* Begin PBXFrameworksBuildPhase section */
		8B6280161AF2197A001F79E2 /* Frameworks */ = {
			isa = PBXFrameworksBuildPhase;
			buildActionMask = 2147483647;
			files = (
			);
			runOnlyForDeploymentPostprocessing = 0;
		};
		8B62802F1AF2197A001F79E2 /* Frameworks */ = {
			isa = PBXFrameworksBuildPhase;
			buildActionMask = 2147483647;
			files = (
			);
			runOnlyForDeploymentPostprocessing = 0;
		};
/* End PBXFrameworksBuildPhase section */

/* Begin PBXGroup section */
		8B6280101AF2197A001F79E2 = {
			isa = PBXGroup;
			children = (
				8B62801B1AF2197A001F79E2 /* TED.rss */,
				8B6280351AF2197A001F79E2 /* TED.rssTests */,
				8B6280591AF21B96001F79E2 /* Products */,
				8B62805A1AF21C5E001F79E2 /* TED.rss.app */,
				8B62805B1AF21C5E001F79E2 /* TED.rssTests.xctest */,
			);
			sourceTree = "<group>";
		};
		8B62801B1AF2197A001F79E2 /* TED.rss */ = {
			isa = PBXGroup;
			children = (
				8B6280421AF21990001F79E2 /* KSAppDelegate.h */,
				8B6280431AF21990001F79E2 /* KSAppDelegate.m */,
				8B6280441AF21990001F79E2 /* KSViewController.h */,
				8B6280451AF21990001F79E2 /* KSViewController.m */,
				8B6280461AF21990001F79E2 /* KSTalkDetailViewController.h */,
				8B6280471AF21990001F79E2 /* KSTalkDetailViewController.m */,
				8B6280481AF21990001F79E2 /* Main.storyboard */,
				8B6280491AF21990001F79E2 /* Images.xcassets */,
				8B62804A1AF21990001F79E2 /* LaunchScreen.xib */,
				8B62801C1AF2197A001F79E2 /* Supporting Files */,
			);
			path = TED.rss;
			sourceTree = "<group>";
		};
		8B62801C1AF2197A001F79E2 /* Supporting Files */ = {
			isa = PBXGroup;
			children = (
				8B6280511AF219A2001F79E2 /* Info.plist */,
				8B6280521AF219A2001F79E2 /* main.m */,
			);
			name = "Supporting Files";
			sourceTree = "<group>";
		};
		8B6280351AF2197A001F79E2 /* TED.rssTests */ = {
			isa = PBXGroup;
			children = (
				8B6280551AF219BD001F79E2 /* TEDTests.m */,
				8B6280361AF2197A001F79E2 /* Supporting Files */,
			);
			path = TED.rssTests;
			sourceTree = "<group>";
		};
		8B6280361AF2197A001F79E2 /* Supporting Files */ = {
			isa = PBXGroup;
			children = (
				8B6280571AF219CB001F79E2 /* Info.plist */,
			);
			name = "Supporting Files";
			sourceTree = "<group>";
		};
		8B6280591AF21B96001F79E2 /* Products */ = {
			isa = PBXGroup;
			children = (
			);
			name = Products;
			path = TED.rss.xcodeproj;
			sourceTree = "<group>";
		};
/* End PBXGroup section */

/* Begin PBXNativeTarget section */
		8B6280181AF2197A001F79E2 /* TED.rss */ = {
			isa = PBXNativeTarget;
			buildConfigurationList = 8B62803C1AF2197A001F79E2 /* Build configuration list for PBXNativeTarget "TED.rss" */;
			buildPhases = (
				8B6280151AF2197A001F79E2 /* Sources */,
				8B6280161AF2197A001F79E2 /* Frameworks */,
				8B6280171AF2197A001F79E2 /* Resources */,
			);
			buildRules = (
			);
			dependencies = (
			);
			name = TED.rss;
			productName = TED.rss;
			productReference = 8B62805A1AF21C5E001F79E2 /* TED.rss.app */;
			productType = "com.apple.product-type.application";
		};
		8B6280311AF2197A001F79E2 /* TED.rssTests */ = {
			isa = PBXNativeTarget;
			buildConfigurationList = 8B62803F1AF2197A001F79E2 /* Build configuration list for PBXNativeTarget "TED.rssTests" */;
			buildPhases = (
				8B62802E1AF2197A001F79E2 /* Sources */,
				8B62802F1AF2197A001F79E2 /* Frameworks */,
				8B6280301AF2197A001F79E2 /* Resources */,
			);
			buildRules = (
			);
			dependencies = (
				8B6280341AF2197A001F79E2 /* PBXTargetDependency */,
			);
			name = TED.rssTests;
			productName = TED.rssTests;
			productReference = 8B62805B1AF21C5E001F79E2 /* TED.rssTests.xctest */;
			productType = "com.apple.product-type.bundle.unit-test";
		};
/* End PBXNativeTarget section */

/* Begin PBXProject section */
		8B6280111AF2197A001F79E2 /* Project object */ = {
			isa = PBXProject;
			attributes = {
				LastUpgradeCheck = 0640;
				ORGANIZATIONNAME = Kviatkovskii;
				TargetAttributes = {
					8B6280181AF2197A001F79E2 = {
						CreatedOnToolsVersion = 6.4;
						DevelopmentTeam = P44LMMDHV3;
					};
					8B6280311AF2197A001F79E2 = {
						CreatedOnToolsVersion = 6.4;
						TestTargetID = 8B6280181AF2197A001F79E2;
					};
				};
			};
			buildConfigurationList = 8B6280141AF2197A001F79E2 /* Build configuration list for PBXProject "TED.rss" */;
			compatibilityVersion = "Xcode 3.2";
			developmentRegion = English;
			hasScannedForEncodings = 0;
			knownRegions = (
				en,
				Base,
			);
			mainGroup = 8B6280101AF2197A001F79E2;
			productRefGroup = 8B6280101AF2197A001F79E2;
			projectDirPath = "";
			projectRoot = "";
			targets = (
				8B6280181AF2197A001F79E2 /* TED.rss */,
				8B6280311AF2197A001F79E2 /* TED.rssTests */,
			);
		};
/* End PBXProject section */

/* Begin PBXResourcesBuildPhase section */
		8B6280171AF2197A001F79E2 /* Resources */ = {
			isa = PBXResourcesBuildPhase;
			buildActionMask = 2147483647;
			files = (
				8B6280531AF219A2001F79E2 /* Info.plist in Resources */,
				8B62804E1AF21990001F79E2 /* Main.storyboard in Resources */,
				8B6280501AF21990001F79E2 /* LaunchScreen.xib in Resources */,
				8B62804F1AF21990001F79E2 /* Images.xcassets in Resources */,
			);
			runOnlyForDeploymentPostprocessing = 0;
		};
		8B6280301AF2197A001F79E2 /* Resources */ = {
			isa = PBXResourcesBuildPhase;
			buildActionMask = 2147483647;
			files = (
				8B6280581AF219CB001F79E2 /* Info.plist in Resources */,
			);
			runOnlyForDeploymentPostprocessing = 0;
		};
/* End PBXResourcesBuildPhase section */

/* Begin PBXSourcesBuildPhase section */
		8B6280151AF2197A001F79E2 /* Sources */ = {
			isa = PBXSourcesBuildPhase;
			buildActionMask = 2147483647;
			files = (
				8B62804C1AF21990001F79E2 /* KSViewController.m in Sources */,
				8B62804B1AF21990001F79E2 /* KSAppDelegate.m in Sources */,
				8B6280541AF219A2001F79E2 /* main.m in Sources */,
				8B62804D1AF21990001F79E2 /* KSTalkDetailViewController.m in Sources */,
			);
			runOnlyForDeploymentPostprocessing = 0;
		};
		8B62802E1AF2197A001F79E2 /* Sources */ = {
			isa = PBXSourcesBuildPhase;
			buildActionMask = 2147483647;
			files = (
				8B6280561AF219BD001F79E2 /* TEDTests.m in Sources */,
			);
			runOnlyForDeploymentPostprocessing = 0;
		};
/* End PBXSourcesBuildPhase section */

/* Begin PBXTargetDependency section */
		8B6280341AF2197A001F79E2 /* PBXTargetDependency */ = {
			isa = PBXTargetDependency;
			target = 8B6280181AF2197A001F79E2 /* TED.rss */;
			targetProxy = 8B6280331AF2197A001F79E2 /* PBXContainerItemProxy */;
		};
/* End PBXTargetDependency section */

/* Begin XCBuildConfiguration section */
		8B62803A1AF2197A001F79E2 /* Debug */ = {
			isa = XCBuildConfiguration;
			buildSettings = {
				ALWAYS_SEARCH_USER_PATHS = NO;
				CLANG_CXX_LANGUAGE_STANDARD = "gnu++0x";
				CLANG_CXX_LIBRARY = "libc++";
				CLANG_ENABLE_MODULES = YES;
				CLANG_ENABLE_OBJC_ARC = YES;
				CLANG_WARN_BOOL_CONVERSION = YES;
				CLANG_WARN_CONSTANT_CONVERSION = YES;
				CLANG_WARN_DIRECT_OBJC_ISA_USAGE = YES_ERROR;
				CLANG_WARN_EMPTY_BODY = YES;
				CLANG_WARN_ENUM_CONVERSION = YES;
				CLANG_WARN_INT_CONVERSION = YES;
				CLANG_WARN_OBJC_ROOT_CLASS = YES_ERROR;
				CLANG_WARN_UNREACHABLE_CODE = YES;
				CLANG_WARN__DUPLICATE_METHOD_MATCH = YES;
				"CODE_SIGN_IDENTITY[sdk=iphoneos*]" = "iPhone Developer";
				COPY_PHASE_STRIP = NO;
				DEBUG_INFORMATION_FORMAT = "dwarf-with-dsym";
				ENABLE_STRICT_OBJC_MSGSEND = YES;
				GCC_C_LANGUAGE_STANDARD = gnu99;
				GCC_DYNAMIC_NO_PIC = NO;
				GCC_NO_COMMON_BLOCKS = YES;
				GCC_OPTIMIZATION_LEVEL = 0;
				GCC_PREPROCESSOR_DEFINITIONS = (
					"DEBUG=1",
					"$(inherited)",
				);
				GCC_SYMBOLS_PRIVATE_EXTERN = NO;
				GCC_WARN_64_TO_32_BIT_CONVERSION = YES;
				GCC_WARN_ABOUT_RETURN_TYPE = YES_ERROR;
				GCC_WARN_UNDECLARED_SELECTOR = YES;
				GCC_WARN_UNINITIALIZED_AUTOS = YES_AGGRESSIVE;
				GCC_WARN_UNUSED_FUNCTION = YES;
				GCC_WARN_UNUSED_VARIABLE = YES;
				IPHONEOS_DEPLOYMENT_TARGET = 8.4;
				MTL_ENABLE_DEBUG_INFO = YES;
				ONLY_ACTIVE_ARCH = YES;
				SDKROOT = iphoneos;
				TARGETED_DEVICE_FAMILY = "1,2";
			};
			name = Debug;
		};
		8B62803B1AF2197A001F79E2 /* Release */ = {
			isa = XCBuildConfiguration;
			buildSettings = {
				ALWAYS_SEARCH_USER_PATHS = NO;
				CLANG_CXX_LANGUAGE_STANDARD = "gnu++0x";
				CLANG_CXX_LIBRARY = "libc++";
				CLANG_ENABLE_MODULES = YES;
				CLANG_ENABLE_OBJC_ARC = YES;
				CLANG_WARN_BOOL_CONVERSION = YES;
				CLANG_WARN_CONSTANT_CONVERSION = YES;
				CLANG_WARN_DIRECT_OBJC_ISA_USAGE = YES_ERROR;
				CLANG_WARN_EMPTY_BODY = YES;
				CLANG_WARN_ENUM_CONVERSION = YES;
				CLANG_WARN_INT_CONVERSION = YES;
				CLANG_WARN_OBJC_ROOT_CLASS = YES_ERROR;
				CLANG_WARN_UNREACHABLE_CODE = YES;
				CLANG_WARN__DUPLICATE_METHOD_MATCH = YES;
				"CODE_SIGN_IDENTITY[sdk=iphoneos*]" = "iPhone Distribution";
				COPY_PHASE_STRIP = NO;
				DEBUG_INFORMATION_FORMAT = "dwarf-with-dsym";
				ENABLE_NS_ASSERTIONS = NO;
				ENABLE_STRICT_OBJC_MSGSEND = YES;
				GCC_C_LANGUAGE_STANDARD = gnu99;
				GCC_NO_COMMON_BLOCKS = YES;
				GCC_WARN_64_TO_32_BIT_CONVERSION = YES;
				GCC_WARN_ABOUT_RETURN_TYPE = YES_ERROR;
				GCC_WARN_UNDECLARED_SELECTOR = YES;
				GCC_WARN_UNINITIALIZED_AUTOS = YES_AGGRESSIVE;
				GCC_WARN_UNUSED_FUNCTION = YES;
				GCC_WARN_UNUSED_VARIABLE = YES;
				IPHONEOS_DEPLOYMENT_TARGET = 8.4;
				MTL_ENABLE_DEBUG_INFO = NO;
				SDKROOT = iphoneos;
				TARGETED_DEVICE_FAMILY = "1,2";
				VALIDATE_PRODUCT = YES;
			};
			name = Release;
		};
		8B62803D1AF2197A001F79E2 /* Debug */ = {
			isa = XCBuildConfiguration;
			buildSettings = {
				ASSETCATALOG_COMPILER_APPICON_NAME = AppIcon;
				CODE_SIGN_IDENTITY = "iPhone Developer";
				INFOPLIST_FILE = TED.rss/Info.plist;
				IPHONEOS_DEPLOYMENT_TARGET = 8.0;
				LD_RUNPATH_SEARCH_PATHS = "$(inherited) @executable_path/Frameworks";
				PRODUCT_NAME = "$(TARGET_NAME)";
				PROVISIONING_PROFILE = "d42c9ada-929f-45d3-8ebb-cc53550c77d0";
			};
			name = Debug;
		};
		8B62803E1AF2197A001F79E2 /* Release */ = {
			isa = XCBuildConfiguration;
			buildSettings = {
				ASSETCATALOG_COMPILER_APPICON_NAME = AppIcon;
				CODE_SIGN_IDENTITY = "iPhone Distribution: Sergei Kviatkovskii (P44LMMDHV3)";
				INFOPLIST_FILE = TED.rss/Info.plist;
				IPHONEOS_DEPLOYMENT_TARGET = 8.0;
				LD_RUNPATH_SEARCH_PATHS = "$(inherited) @executable_path/Frameworks";
				PRODUCT_NAME = "$(TARGET_NAME)";
				PROVISIONING_PROFILE = "d42c9ada-929f-45d3-8ebb-cc53550c77d0";
			};
			name = Release;
		};
		8B6280401AF2197A001F79E2 /* Debug */ = {
			isa = XCBuildConfiguration;
			buildSettings = {
				BUNDLE_LOADER = "$(TEST_HOST)";
				FRAMEWORK_SEARCH_PATHS = (
					"$(SDKROOT)/Developer/Library/Frameworks",
					"$(inherited)",
				);
				GCC_PREPROCESSOR_DEFINITIONS = (
					"DEBUG=1",
					"$(inherited)",
				);
				INFOPLIST_FILE = TED.rssTests/Info.plist;
				LD_RUNPATH_SEARCH_PATHS = "$(inherited) @executable_path/Frameworks @loader_path/Frameworks";
				PRODUCT_NAME = "$(TARGET_NAME)";
				TEST_HOST = "$(BUILT_PRODUCTS_DIR)/TED.rss.app/TED.rss";
			};
			name = Debug;
		};
		8B6280411AF2197A001F79E2 /* Release */ = {
			isa = XCBuildConfiguration;
			buildSettings = {
				BUNDLE_LOADER = "$(TEST_HOST)";
				FRAMEWORK_SEARCH_PATHS = (
					"$(SDKROOT)/Developer/Library/Frameworks",
					"$(inherited)",
				);
				INFOPLIST_FILE = TED.rssTests/Info.plist;
				LD_RUNPATH_SEARCH_PATHS = "$(inherited) @executable_path/Frameworks @loader_path/Frameworks";
				PRODUCT_NAME = "$(TARGET_NAME)";
				TEST_HOST = "$(BUILT_PRODUCTS_DIR)/TED.rss.app/TED.rss";
			};
			name = Release;
		};
/* End XCBuildConfiguration section */

/* Begin XCConfigurationList section */
		8B6280141AF2197A001F79E2 /* Build configuration list for PBXProject "TED.rss" */ = {
			isa = XCConfigurationList;
			buildConfigurations = (
				8B62803A1AF2197A001F79E2 /* Debug */,
				8B62803B1AF2197A001F79E2 /* Release */,
			);
			defaultConfigurationIsVisible = 0;
			defaultConfigurationName = Release;
		};
		8B62803C1AF2197A001F79E2 /* Build configuration list for PBXNativeTarget "TED.rss" */ = {
			isa = XCConfigurationList;
			buildConfigurations = (
				8B62803D1AF2197A001F79E2 /* Debug */,
				8B62803E1AF2197A001F79E2 /* Release */,
			);
			defaultConfigurationIsVisible = 0;
		};
		8B62803F1AF2197A001F79E2 /* Build configuration list for PBXNativeTarget "TED.rssTests" */ = {
			isa = XCConfigurationList;
			buildConfigurations = (
				8B6280401AF2197A001F79E2 /* Debug */,
				8B6280411AF2197A001F79E2 /* Release */,
			);
			defaultConfigurationIsVisible = 0;
		};
/* End XCConfigurationList section */
	};
	rootObject = 8B6280111AF2197A001F79E2 /* Project object */;
}
